
Microsoft Visual Studio Solution File, Format Version 12.00
# Visual Studio Version 16
VisualStudioVersion = 16.0.31624.102
MinimumVisualStudioVersion = 10.0.40219.1
Project("{2150E333-8FDC-42A3-9474-1A3956D46DE8}") = "src", "src", "{27E65CD1-34EC-4156-ABC2-DB6371623C9F}"
EndProject
Project("{2150E333-8FDC-42A3-9474-1A3956D46DE8}") = "Building Blocks", "Building Blocks", "{6AEBAD1C-D4A1-465D-8A06-F6821EF536E0}"
EndProject
Project("{2150E333-8FDC-42A3-9474-1A3956D46DE8}") = "Services", "Services", "{6BB74434-DCBA-401B-AE85-E87782599ACA}"
EndProject
Project("{2150E333-8FDC-42A3-9474-1A3956D46DE8}") = "Web", "Web", "{B391F121-CA53-4690-8255-215075150480}"
EndProject
Project("{2150E333-8FDC-42A3-9474-1A3956D46DE8}") = "Identity", "Identity", "{EAB44C31-58CA-4787-9125-A8971EB22986}"
EndProject
Project("{FAE04EC0-301F-11D3-BF4B-00C04F79EFBC}") = "NSE.Identity.API", "src\services\NSE.Identity.API\NSE.Identity.API.csproj", "{C5C7C028-4366-4601-A277-3463D1447B65}"
EndProject
Project("{2150E333-8FDC-42A3-9474-1A3956D46DE8}") = "MVC", "MVC", "{8A257090-BD28-42FA-A60E-C6A95859F0AC}"
EndProject
Project("{FAE04EC0-301F-11D3-BF4B-00C04F79EFBC}") = "NSE.WebApp.MVC", "src\web\NSE.WebApp.MVC\NSE.WebApp.MVC.csproj", "{3D511B7B-1C8A-4D9B-9758-85DAC0622A36}"
EndProject
Project("{2150E333-8FDC-42A3-9474-1A3956D46DE8}") = "Core", "Core", "{E301AB82-DEA6-4F29-8F8F-11EEAC95C449}"
EndProject
Project("{FAE04EC0-301F-11D3-BF4B-00C04F79EFBC}") = "NSE.Core", "src\building blocks\NSE.Core\NSE.Core.csproj", "{4E1EBC0E-CFCE-4E69-A544-C7BDB95293F6}"
EndProject
Project("{2150E333-8FDC-42A3-9474-1A3956D46DE8}") = "Cart", "Cart", "{3C2AA4BF-5D45-47BF-940B-E059A4492C04}"
EndProject
Project("{2150E333-8FDC-42A3-9474-1A3956D46DE8}") = "Catalog", "Catalog", "{FD7F3B26-B2B7-444E-9E0D-4A579148B53F}"
EndProject
Project("{2150E333-8FDC-42A3-9474-1A3956D46DE8}") = "Customer", "Customer", "{597A681C-4157-43CC-B229-234E15F913B1}"
EndProject
Project("{2150E333-8FDC-42A3-9474-1A3956D46DE8}") = "Payment", "Payment", "{D73EE7FC-78EB-4C5A-942C-2556520BB661}"
EndProject
Project("{2150E333-8FDC-42A3-9474-1A3956D46DE8}") = "Order", "Order", "{CD44E68E-83BC-47D9-9A77-EFD55FCBC1DA}"
EndProject
Project("{FAE04EC0-301F-11D3-BF4B-00C04F79EFBC}") = "NSE.Cart.API", "src\services\NSE.Cart.API\NSE.Cart.API.csproj", "{1F8C13D5-340E-447D-9865-61279F5507D8}"
EndProject
Project("{FAE04EC0-301F-11D3-BF4B-00C04F79EFBC}") = "NSE.Catalog.API", "src\services\NSE.Catalog.API\NSE.Catalog.API.csproj", "{E77FA97E-7AAA-4C5E-8966-7A7A21485E91}"
EndProject
Project("{FAE04EC0-301F-11D3-BF4B-00C04F79EFBC}") = "NSE.Customer.API", "src\services\NSE.Customer.API\NSE.Customer.API.csproj", "{7789A66C-7473-4DF8-9293-28D9111ACE9A}"
EndProject
Project("{FAE04EC0-301F-11D3-BF4B-00C04F79EFBC}") = "NSE.Order.API", "src\services\NSE.Order.API\NSE.Order.API.csproj", "{848A3160-BDE3-4CAE-9BB1-3AA13B0DB82F}"
EndProject
Project("{FAE04EC0-301F-11D3-BF4B-00C04F79EFBC}") = "NSE.Payment.API", "src\services\NSE.Payment.API\NSE.Payment.API.csproj", "{533C26B6-DA12-4BB7-8D2A-C974B383EF6E}"
EndProject
Global
	GlobalSection(SolutionConfigurationPlatforms) = preSolution
		Debug|Any CPU = Debug|Any CPU
		Release|Any CPU = Release|Any CPU
	EndGlobalSection
	GlobalSection(ProjectConfigurationPlatforms) = postSolution
		{C5C7C028-4366-4601-A277-3463D1447B65}.Debug|Any CPU.ActiveCfg = Debug|Any CPU
		{C5C7C028-4366-4601-A277-3463D1447B65}.Debug|Any CPU.Build.0 = Debug|Any CPU
		{C5C7C028-4366-4601-A277-3463D1447B65}.Release|Any CPU.ActiveCfg = Release|Any CPU
		{C5C7C028-4366-4601-A277-3463D1447B65}.Release|Any CPU.Build.0 = Release|Any CPU
		{3D511B7B-1C8A-4D9B-9758-85DAC0622A36}.Debug|Any CPU.ActiveCfg = Debug|Any CPU
		{3D511B7B-1C8A-4D9B-9758-85DAC0622A36}.Debug|Any CPU.Build.0 = Debug|Any CPU
		{3D511B7B-1C8A-4D9B-9758-85DAC0622A36}.Release|Any CPU.ActiveCfg = Release|Any CPU
		{3D511B7B-1C8A-4D9B-9758-85DAC0622A36}.Release|Any CPU.Build.0 = Release|Any CPU
		{4E1EBC0E-CFCE-4E69-A544-C7BDB95293F6}.Debug|Any CPU.ActiveCfg = Debug|Any CPU
		{4E1EBC0E-CFCE-4E69-A544-C7BDB95293F6}.Debug|Any CPU.Build.0 = Debug|Any CPU
		{4E1EBC0E-CFCE-4E69-A544-C7BDB95293F6}.Release|Any CPU.ActiveCfg = Release|Any CPU
		{4E1EBC0E-CFCE-4E69-A544-C7BDB95293F6}.Release|Any CPU.Build.0 = Release|Any CPU
		{1F8C13D5-340E-447D-9865-61279F5507D8}.Debug|Any CPU.ActiveCfg = Debug|Any CPU
		{1F8C13D5-340E-447D-9865-61279F5507D8}.Debug|Any CPU.Build.0 = Debug|Any CPU
		{1F8C13D5-340E-447D-9865-61279F5507D8}.Release|Any CPU.ActiveCfg = Release|Any CPU
		{1F8C13D5-340E-447D-9865-61279F5507D8}.Release|Any CPU.Build.0 = Release|Any CPU
		{E77FA97E-7AAA-4C5E-8966-7A7A21485E91}.Debug|Any CPU.ActiveCfg = Debug|Any CPU
		{E77FA97E-7AAA-4C5E-8966-7A7A21485E91}.Debug|Any CPU.Build.0 = Debug|Any CPU
		{E77FA97E-7AAA-4C5E-8966-7A7A21485E91}.Release|Any CPU.ActiveCfg = Release|Any CPU
		{E77FA97E-7AAA-4C5E-8966-7A7A21485E91}.Release|Any CPU.Build.0 = Release|Any CPU
		{7789A66C-7473-4DF8-9293-28D9111ACE9A}.Debug|Any CPU.ActiveCfg = Debug|Any CPU
		{7789A66C-7473-4DF8-9293-28D9111ACE9A}.Debug|Any CPU.Build.0 = Debug|Any CPU
		{7789A66C-7473-4DF8-9293-28D9111ACE9A}.Release|Any CPU.ActiveCfg = Release|Any CPU
		{7789A66C-7473-4DF8-9293-28D9111ACE9A}.Release|Any CPU.Build.0 = Release|Any CPU
		{848A3160-BDE3-4CAE-9BB1-3AA13B0DB82F}.Debug|Any CPU.ActiveCfg = Debug|Any CPU
		{848A3160-BDE3-4CAE-9BB1-3AA13B0DB82F}.Debug|Any CPU.Build.0 = Debug|Any CPU
		{848A3160-BDE3-4CAE-9BB1-3AA13B0DB82F}.Release|Any CPU.ActiveCfg = Release|Any CPU
		{848A3160-BDE3-4CAE-9BB1-3AA13B0DB82F}.Release|Any CPU.Build.0 = Release|Any CPU
		{533C26B6-DA12-4BB7-8D2A-C974B383EF6E}.Debug|Any CPU.ActiveCfg = Debug|Any CPU
		{533C26B6-DA12-4BB7-8D2A-C974B383EF6E}.Debug|Any CPU.Build.0 = Debug|Any CPU
		{533C26B6-DA12-4BB7-8D2A-C974B383EF6E}.Release|Any CPU.ActiveCfg = Release|Any CPU
		{533C26B6-DA12-4BB7-8D2A-C974B383EF6E}.Release|Any CPU.Build.0 = Release|Any CPU
	EndGlobalSection
	GlobalSection(SolutionProperties) = preSolution
		HideSolutionNode = FALSE
	EndGlobalSection
	GlobalSection(NestedProjects) = preSolution
		{6AEBAD1C-D4A1-465D-8A06-F6821EF536E0} = {27E65CD1-34EC-4156-ABC2-DB6371623C9F}
		{6BB74434-DCBA-401B-AE85-E87782599ACA} = {27E65CD1-34EC-4156-ABC2-DB6371623C9F}
		{B391F121-CA53-4690-8255-215075150480} = {27E65CD1-34EC-4156-ABC2-DB6371623C9F}
		{EAB44C31-58CA-4787-9125-A8971EB22986} = {6BB74434-DCBA-401B-AE85-E87782599ACA}
		{C5C7C028-4366-4601-A277-3463D1447B65} = {EAB44C31-58CA-4787-9125-A8971EB22986}
		{8A257090-BD28-42FA-A60E-C6A95859F0AC} = {B391F121-CA53-4690-8255-215075150480}
		{3D511B7B-1C8A-4D9B-9758-85DAC0622A36} = {8A257090-BD28-42FA-A60E-C6A95859F0AC}
		{E301AB82-DEA6-4F29-8F8F-11EEAC95C449} = {6AEBAD1C-D4A1-465D-8A06-F6821EF536E0}
		{4E1EBC0E-CFCE-4E69-A544-C7BDB95293F6} = {E301AB82-DEA6-4F29-8F8F-11EEAC95C449}
		{3C2AA4BF-5D45-47BF-940B-E059A4492C04} = {6BB74434-DCBA-401B-AE85-E87782599ACA}
		{FD7F3B26-B2B7-444E-9E0D-4A579148B53F} = {6BB74434-DCBA-401B-AE85-E87782599ACA}
		{597A681C-4157-43CC-B229-234E15F913B1} = {6BB74434-DCBA-401B-AE85-E87782599ACA}
		{D73EE7FC-78EB-4C5A-942C-2556520BB661} = {6BB74434-DCBA-401B-AE85-E87782599ACA}
		{CD44E68E-83BC-47D9-9A77-EFD55FCBC1DA} = {6BB74434-DCBA-401B-AE85-E87782599ACA}
		{1F8C13D5-340E-447D-9865-61279F5507D8} = {3C2AA4BF-5D45-47BF-940B-E059A4492C04}
		{E77FA97E-7AAA-4C5E-8966-7A7A21485E91} = {FD7F3B26-B2B7-444E-9E0D-4A579148B53F}
		{7789A66C-7473-4DF8-9293-28D9111ACE9A} = {597A681C-4157-43CC-B229-234E15F913B1}
		{848A3160-BDE3-4CAE-9BB1-3AA13B0DB82F} = {CD44E68E-83BC-47D9-9A77-EFD55FCBC1DA}
		{533C26B6-DA12-4BB7-8D2A-C974B383EF6E} = {D73EE7FC-78EB-4C5A-942C-2556520BB661}
	EndGlobalSection
	GlobalSection(ExtensibilityGlobals) = postSolution
		SolutionGuid = {2E344FD5-12CD-43E8-AF3A-80074DAEBE66}
	EndGlobalSection
EndGlobal
